// !$*UTF8*$!
{
	archiveVersion = 1;
	classes = {
	};
	objectVersion = 48;
	objects = {

/* Begin PBXBuildFile section */
		250E0F031FDFBBB800460ED6 /* AppDelegate.swift in Sources */ = {isa = PBXBuildFile; fileRef = 250E0F021FDFBBB800460ED6 /* AppDelegate.swift */; };
		250E0F051FDFBBB800460ED6 /* MealViewController.swift in Sources */ = {isa = PBXBuildFile; fileRef = 250E0F041FDFBBB800460ED6 /* MealViewController.swift */; };
		250E0F081FDFBBB800460ED6 /* Main.storyboard in Resources */ = {isa = PBXBuildFile; fileRef = 250E0F061FDFBBB800460ED6 /* Main.storyboard */; };
		250E0F0A1FDFBBB800460ED6 /* Assets.xcassets in Resources */ = {isa = PBXBuildFile; fileRef = 250E0F091FDFBBB800460ED6 /* Assets.xcassets */; };
		250E0F0D1FDFBBB800460ED6 /* LaunchScreen.storyboard in Resources */ = {isa = PBXBuildFile; fileRef = 250E0F0B1FDFBBB800460ED6 /* LaunchScreen.storyboard */; };
		251EE5191FE0E7AB00626415 /* RatingControl.swift in Sources */ = {isa = PBXBuildFile; fileRef = 251EE5181FE0E7AB00626415 /* RatingControl.swift */; };
		2593192D1FE11A15003104C5 /* Meal.swift in Sources */ = {isa = PBXBuildFile; fileRef = 2593192C1FE11A15003104C5 /* Meal.swift */; };
		259319381FE11BA0003104C5 /* FoodTruckTests.swift in Sources */ = {isa = PBXBuildFile; fileRef = 259319371FE11BA0003104C5 /* FoodTruckTests.swift */; };
		2593194E1FE1251C003104C5 /* MealTableViewCell.swift in Sources */ = {isa = PBXBuildFile; fileRef = 2593194D1FE1251C003104C5 /* MealTableViewCell.swift */; };
		259319501FE12897003104C5 /* MealTableViewController.swift in Sources */ = {isa = PBXBuildFile; fileRef = 2593194F1FE12897003104C5 /* MealTableViewController.swift */; };
/* End PBXBuildFile section */

/* Begin PBXContainerItemProxy section */
		2593193A1FE11BA0003104C5 /* PBXContainerItemProxy */ = {
			isa = PBXContainerItemProxy;
			containerPortal = 250E0EF71FDFBBB800460ED6 /* Project object */;
			proxyType = 1;
			remoteGlobalIDString = 250E0EFE1FDFBBB800460ED6;
			remoteInfo = FoodTruck;
		};
/* End PBXContainerItemProxy section */

/* Begin PBXFileReference section */
		250E0EFF1FDFBBB800460ED6 /* FoodTruck.app */ = {isa = PBXFileReference; explicitFileType = wrapper.application; includeInIndex = 0; path = FoodTruck.app; sourceTree = BUILT_PRODUCTS_DIR; };
		250E0F021FDFBBB800460ED6 /* AppDelegate.swift */ = {isa = PBXFileReference; lastKnownFileType = sourcecode.swift; path = AppDelegate.swift; sourceTree = "<group>"; };
		250E0F041FDFBBB800460ED6 /* MealViewController.swift */ = {isa = PBXFileReference; lastKnownFileType = sourcecode.swift; path = MealViewController.swift; sourceTree = "<group>"; };
		250E0F071FDFBBB800460ED6 /* Base */ = {isa = PBXFileReference; lastKnownFileType = file.storyboard; name = Base; path = Base.lproj/Main.storyboard; sourceTree = "<group>"; };
		250E0F091FDFBBB800460ED6 /* Assets.xcassets */ = {isa = PBXFileReference; lastKnownFileType = folder.assetcatalog; path = Assets.xcassets; sourceTree = "<group>"; };
		250E0F0C1FDFBBB800460ED6 /* Base */ = {isa = PBXFileReference; lastKnownFileType = file.storyboard; name = Base; path = Base.lproj/LaunchScreen.storyboard; sourceTree = "<group>"; };
		250E0F0E1FDFBBB800460ED6 /* Info.plist */ = {isa = PBXFileReference; lastKnownFileType = text.plist.xml; path = Info.plist; sourceTree = "<group>"; };
		251EE5181FE0E7AB00626415 /* RatingControl.swift */ = {isa = PBXFileReference; lastKnownFileType = sourcecode.swift; path = RatingControl.swift; sourceTree = "<group>"; };
		2593192C1FE11A15003104C5 /* Meal.swift */ = {isa = PBXFileReference; lastKnownFileType = sourcecode.swift; path = Meal.swift; sourceTree = "<group>"; };
		259319351FE11BA0003104C5 /* FoodTruckTests.xctest */ = {isa = PBXFileReference; explicitFileType = wrapper.cfbundle; includeInIndex = 0; path = FoodTruckTests.xctest; sourceTree = BUILT_PRODUCTS_DIR; };
		259319371FE11BA0003104C5 /* FoodTruckTests.swift */ = {isa = PBXFileReference; lastKnownFileType = sourcecode.swift; path = FoodTruckTests.swift; sourceTree = "<group>"; };
		259319391FE11BA0003104C5 /* Info.plist */ = {isa = PBXFileReference; lastKnownFileType = text.plist.xml; path = Info.plist; sourceTree = "<group>"; };
		2593194D1FE1251C003104C5 /* MealTableViewCell.swift */ = {isa = PBXFileReference; lastKnownFileType = sourcecode.swift; path = MealTableViewCell.swift; sourceTree = "<group>"; };
		2593194F1FE12897003104C5 /* MealTableViewController.swift */ = {isa = PBXFileReference; lastKnownFileType = sourcecode.swift; path = MealTableViewController.swift; sourceTree = "<group>"; };
/* End PBXFileReference section */

/* Begin PBXFrameworksBuildPhase section */
		250E0EFC1FDFBBB800460ED6 /* Frameworks */ = {
			isa = PBXFrameworksBuildPhase;
			buildActionMask = 2147483647;
			files = (
			);
			runOnlyForDeploymentPostprocessing = 0;
		};
		259319321FE11BA0003104C5 /* Frameworks */ = {
			isa = PBXFrameworksBuildPhase;
			buildActionMask = 2147483647;
			files = (
			);
			runOnlyForDeploymentPostprocessing = 0;
		};
/* End PBXFrameworksBuildPhase section */

/* Begin PBXGroup section */
		250E0EF61FDFBBB800460ED6 = {
			isa = PBXGroup;
			children = (
				250E0F011FDFBBB800460ED6 /* FoodTruck */,
				259319361FE11BA0003104C5 /* FoodTruckTests */,
				250E0F001FDFBBB800460ED6 /* Products */,
			);
			sourceTree = "<group>";
		};
		250E0F001FDFBBB800460ED6 /* Products */ = {
			isa = PBXGroup;
			children = (
				250E0EFF1FDFBBB800460ED6 /* FoodTruck.app */,
				259319351FE11BA0003104C5 /* FoodTruckTests.xctest */,
			);
			name = Products;
			sourceTree = "<group>";
		};
		250E0F011FDFBBB800460ED6 /* FoodTruck */ = {
			isa = PBXGroup;
			children = (
				2593192C1FE11A15003104C5 /* Meal.swift */,
				250E0F021FDFBBB800460ED6 /* AppDelegate.swift */,
				250E0F041FDFBBB800460ED6 /* MealViewController.swift */,
				250E0F061FDFBBB800460ED6 /* Main.storyboard */,
				2593194F1FE12897003104C5 /* MealTableViewController.swift */,
				251EE5181FE0E7AB00626415 /* RatingControl.swift */,
				250E0F091FDFBBB800460ED6 /* Assets.xcassets */,
				250E0F0B1FDFBBB800460ED6 /* LaunchScreen.storyboard */,
				250E0F0E1FDFBBB800460ED6 /* Info.plist */,
				2593194D1FE1251C003104C5 /* MealTableViewCell.swift */,
			);
			path = FoodTruck;
			sourceTree = "<group>";
		};
		259319361FE11BA0003104C5 /* FoodTruckTests */ = {
			isa = PBXGroup;
			children = (
				259319371FE11BA0003104C5 /* FoodTruckTests.swift */,
				259319391FE11BA0003104C5 /* Info.plist */,
			);
			path = FoodTruckTests;
			sourceTree = "<group>";
		};
/* End PBXGroup section */

/* Begin PBXNativeTarget section */
		250E0EFE1FDFBBB800460ED6 /* FoodTruck */ = {
			isa = PBXNativeTarget;
			buildConfigurationList = 250E0F111FDFBBB800460ED6 /* Build configuration list for PBXNativeTarget "FoodTruck" */;
			buildPhases = (
				250E0EFB1FDFBBB800460ED6 /* Sources */,
				250E0EFC1FDFBBB800460ED6 /* Frameworks */,
				250E0EFD1FDFBBB800460ED6 /* Resources */,
			);
			buildRules = (
			);
			dependencies = (
			);
			name = FoodTruck;
			productName = FoodTruck;
			productReference = 250E0EFF1FDFBBB800460ED6 /* FoodTruck.app */;
			productType = "com.apple.product-type.application";
		};
		259319341FE11BA0003104C5 /* FoodTruckTests */ = {
			isa = PBXNativeTarget;
			buildConfigurationList = 2593193C1FE11BA0003104C5 /* Build configuration list for PBXNativeTarget "FoodTruckTests" */;
			buildPhases = (
				259319311FE11BA0003104C5 /* Sources */,
				259319321FE11BA0003104C5 /* Frameworks */,
				259319331FE11BA0003104C5 /* Resources */,
			);
			buildRules = (
			);
			dependencies = (
				2593193B1FE11BA0003104C5 /* PBXTargetDependency */,
			);
			name = FoodTruckTests;
			productName = FoodTruckTests;
			productReference = 259319351FE11BA0003104C5 /* FoodTruckTests.xctest */;
			productType = "com.apple.product-type.bundle.unit-test";
		};
/* End PBXNativeTarget section */

/* Begin PBXProject section */
		250E0EF71FDFBBB800460ED6 /* Project object */ = {
			isa = PBXProject;
			attributes = {
				LastSwiftUpdateCheck = 0920;
				LastUpgradeCheck = 0920;
				ORGANIZATIONNAME = Sirius;
				TargetAttributes = {
					250E0EFE1FDFBBB800460ED6 = {
						CreatedOnToolsVersion = 9.2;
						ProvisioningStyle = Automatic;
					};
					259319341FE11BA0003104C5 = {
						CreatedOnToolsVersion = 9.2;
						ProvisioningStyle = Automatic;
						TestTargetID = 250E0EFE1FDFBBB800460ED6;
					};
				};
			};
			buildConfigurationList = 250E0EFA1FDFBBB800460ED6 /* Build configuration list for PBXProject "FoodTruck" */;
			compatibilityVersion = "Xcode 8.0";
			developmentRegion = en;
			hasScannedForEncodings = 0;
			knownRegions = (
				en,
				Base,
			);
			mainGroup = 250E0EF61FDFBBB800460ED6;
			productRefGroup = 250E0F001FDFBBB800460ED6 /* Products */;
			projectDirPath = "";
			projectRoot = "";
			targets = (
				250E0EFE1FDFBBB800460ED6 /* FoodTruck */,
				259319341FE11BA0003104C5 /* FoodTruckTests */,
			);
		};
/* End PBXProject section */

/* Begin PBXResourcesBuildPhase section */
		250E0EFD1FDFBBB800460ED6 /* Resources */ = {
			isa = PBXResourcesBuildPhase;
			buildActionMask = 2147483647;
			files = (
				250E0F0D1FDFBBB800460ED6 /* LaunchScreen.storyboard in Resources */,
				250E0F0A1FDFBBB800460ED6 /* Assets.xcassets in Resources */,
				250E0F081FDFBBB800460ED6 /* Main.storyboard in Resources */,
			);
			runOnlyForDeploymentPostprocessing = 0;
		};
		259319331FE11BA0003104C5 /* Resources */ = {
			isa = PBXResourcesBuildPhase;
			buildActionMask = 2147483647;
			files = (
			);
			runOnlyForDeploymentPostprocessing = 0;
		};
/* End PBXResourcesBuildPhase section */

/* Begin PBXSourcesBuildPhase section */
		250E0EFB1FDFBBB800460ED6 /* Sources */ = {
			isa = PBXSourcesBuildPhase;
			buildActionMask = 2147483647;
			files = (
				2593192D1FE11A15003104C5 /* Meal.swift in Sources */,
				250E0F051FDFBBB800460ED6 /* MealViewController.swift in Sources */,
				251EE5191FE0E7AB00626415 /* RatingControl.swift in Sources */,
				250E0F031FDFBBB800460ED6 /* AppDelegate.swift in Sources */,
				259319501FE12897003104C5 /* MealTableViewController.swift in Sources */,
				2593194E1FE1251C003104C5 /* MealTableViewCell.swift in Sources */,
			);
			runOnlyForDeploymentPostprocessing = 0;
		};
		259319311FE11BA0003104C5 /* Sources */ = {
			isa = PBXSourcesBuildPhase;
			buildActionMask = 2147483647;
			files = (
				259319381FE11BA0003104C5 /* FoodTruckTests.swift in Sources */,
			);
			runOnlyForDeploymentPostprocessing = 0;
		};
/* End PBXSourcesBuildPhase section */

/* Begin PBXTargetDependency section */
		2593193B1FE11BA0003104C5 /* PBXTargetDependency */ = {
			isa = PBXTargetDependency;
			target = 250E0EFE1FDFBBB800460ED6 /* FoodTruck */;
			targetProxy = 2593193A1FE11BA0003104C5 /* PBXContainerItemProxy */;
		};
/* End PBXTargetDependency section */

/* Begin PBXVariantGroup section */
		250E0F061FDFBBB800460ED6 /* Main.storyboard */ = {
			isa = PBXVariantGroup;
			children = (
				250E0F071FDFBBB800460ED6 /* Base */,
			);
			name = Main.storyboard;
			sourceTree = "<group>";
		};
		250E0F0B1FDFBBB800460ED6 /* LaunchScreen.storyboard */ = {
			isa = PBXVariantGroup;
			children = (
				250E0F0C1FDFBBB800460ED6 /* Base */,
			);
			name = LaunchScreen.storyboard;
			sourceTree = "<group>";
		};
/* End PBXVariantGroup section */

/* Begin XCBuildConfiguration section */
		250E0F0F1FDFBBB800460ED6 /* Debug */ = {
			isa = XCBuildConfiguration;
			buildSettings = {
				ALWAYS_SEARCH_USER_PATHS = NO;
				CLANG_ANALYZER_NONNULL = YES;
				CLANG_ANALYZER_NUMBER_OBJECT_CONVERSION = YES_AGGRESSIVE;
				CLANG_CXX_LANGUAGE_STANDARD = "gnu++14";
				CLANG_CXX_LIBRARY = "libc++";
				CLANG_ENABLE_MODULES = YES;
				CLANG_ENABLE_OBJC_ARC = YES;
				CLANG_WARN_BLOCK_CAPTURE_AUTORELEASING = YES;
				CLANG_WARN_BOOL_CONVERSION = YES;
				CLANG_WARN_COMMA = YES;
				CLANG_WARN_CONSTANT_CONVERSION = YES;
				CLANG_WARN_DIRECT_OBJC_ISA_USAGE = YES_ERROR;
				CLANG_WARN_DOCUMENTATION_COMMENTS = YES;
				CLANG_WARN_EMPTY_BODY = YES;
				CLANG_WARN_ENUM_CONVERSION = YES;
				CLANG_WARN_INFINITE_RECURSION = YES;
				CLANG_WARN_INT_CONVERSION = YES;
				CLANG_WARN_NON_LITERAL_NULL_CONVERSION = YES;
				CLANG_WARN_OBJC_LITERAL_CONVERSION = YES;
				CLANG_WARN_OBJC_ROOT_CLASS = YES_ERROR;
				CLANG_WARN_RANGE_LOOP_ANALYSIS = YES;
				CLANG_WARN_STRICT_PROTOTYPES = YES;
				CLANG_WARN_SUSPICIOUS_MOVE = YES;
				CLANG_WARN_UNGUARDED_AVAILABILITY = YES_AGGRESSIVE;
				CLANG_WARN_UNREACHABLE_CODE = YES;
				CLANG_WARN__DUPLICATE_METHOD_MATCH = YES;
				CODE_SIGN_IDENTITY = "iPhone Developer";
				COPY_PHASE_STRIP = NO;
				DEBUG_INFORMATION_FORMAT = dwarf;
				ENABLE_STRICT_OBJC_MSGSEND = YES;
				ENABLE_TESTABILITY = YES;
				GCC_C_LANGUAGE_STANDARD = gnu11;
				GCC_DYNAMIC_NO_PIC = NO;
				GCC_NO_COMMON_BLOCKS = YES;
				GCC_OPTIMIZATION_LEVEL = 0;
				GCC_PREPROCESSOR_DEFINITIONS = (
					"DEBUG=1",
					"$(inherited)",
				);
				GCC_WARN_64_TO_32_BIT_CONVERSION = YES;
				GCC_WARN_ABOUT_RETURN_TYPE = YES_ERROR;
				GCC_WARN_UNDECLARED_SELECTOR = YES;
				GCC_WARN_UNINITIALIZED_AUTOS = YES_AGGRESSIVE;
				GCC_WARN_UNUSED_FUNCTION = YES;
				GCC_WARN_UNUSED_VARIABLE = YES;
				IPHONEOS_DEPLOYMENT_TARGET = 11.2;
				MTL_ENABLE_DEBUG_INFO = YES;
				ONLY_ACTIVE_ARCH = YES;
				SDKROOT = iphoneos;
				SWIFT_ACTIVE_COMPILATION_CONDITIONS = DEBUG;
				SWIFT_OPTIMIZATION_LEVEL = "-Onone";
			};
			name = Debug;
		};
		250E0F101FDFBBB800460ED6 /* Release */ = {
			isa = XCBuildConfiguration;
			buildSettings = {
				ALWAYS_SEARCH_USER_PATHS = NO;
				CLANG_ANALYZER_NONNULL = YES;
				CLANG_ANALYZER_NUMBER_OBJECT_CONVERSION = YES_AGGRESSIVE;
				CLANG_CXX_LANGUAGE_STANDARD = "gnu++14";
				CLANG_CXX_LIBRARY = "libc++";
				CLANG_ENABLE_MODULES = YES;
				CLANG_ENABLE_OBJC_ARC = YES;
				CLANG_WARN_BLOCK_CAPTURE_AUTORELEASING = YES;
				CLANG_WARN_BOOL_CONVERSION = YES;
				CLANG_WARN_COMMA = YES;
				CLANG_WARN_CONSTANT_CONVERSION = YES;
				CLANG_WARN_DIRECT_OBJC_ISA_USAGE = YES_ERROR;
				CLANG_WARN_DOCUMENTATION_COMMENTS = YES;
				CLANG_WARN_EMPTY_BODY = YES;
				CLANG_WARN_ENUM_CONVERSION = YES;
				CLANG_WARN_INFINITE_RECURSION = YES;
				CLANG_WARN_INT_CONVERSION = YES;
				CLANG_WARN_NON_LITERAL_NULL_CONVERSION = YES;
				CLANG_WARN_OBJC_LITERAL_CONVERSION = YES;
				CLANG_WARN_OBJC_ROOT_CLASS = YES_ERROR;
				CLANG_WARN_RANGE_LOOP_ANALYSIS = YES;
				CLANG_WARN_STRICT_PROTOTYPES = YES;
				CLANG_WARN_SUSPICIOUS_MOVE = YES;
				CLANG_WARN_UNGUARDED_AVAILABILITY = YES_AGGRESSIVE;
				CLANG_WARN_UNREACHABLE_CODE = YES;
				CLANG_WARN__DUPLICATE_METHOD_MATCH = YES;
				CODE_SIGN_IDENTITY = "iPhone Developer";
				COPY_PHASE_STRIP = NO;
				DEBUG_INFORMATION_FORMAT = "dwarf-with-dsym";
				ENABLE_NS_ASSERTIONS = NO;
				ENABLE_STRICT_OBJC_MSGSEND = YES;
				GCC_C_LANGUAGE_STANDARD = gnu11;
				GCC_NO_COMMON_BLOCKS = YES;
				GCC_WARN_64_TO_32_BIT_CONVERSION = YES;
				GCC_WARN_ABOUT_RETURN_TYPE = YES_ERROR;
				GCC_WARN_UNDECLARED_SELECTOR = YES;
				GCC_WARN_UNINITIALIZED_AUTOS = YES_AGGRESSIVE;
				GCC_WARN_UNUSED_FUNCTION = YES;
				GCC_WARN_UNUSED_VARIABLE = YES;
				IPHONEOS_DEPLOYMENT_TARGET = 11.2;
				MTL_ENABLE_DEBUG_INFO = NO;
				SDKROOT = iphoneos;
				SWIFT_OPTIMIZATION_LEVEL = "-Owholemodule";
				VALIDATE_PRODUCT = YES;
			};
			name = Release;
		};
		250E0F121FDFBBB800460ED6 /* Debug */ = {
			isa = XCBuildConfiguration;
			buildSettings = {
				ASSETCATALOG_COMPILER_APPICON_NAME = AppIcon;
				CODE_SIGN_STYLE = Automatic;
				DEVELOPMENT_TEAM = Q5VE4JLH65;
				INFOPLIST_FILE = FoodTruck/Info.plist;
				LD_RUNPATH_SEARCH_PATHS = "$(inherited) @executable_path/Frameworks";
				PRODUCT_BUNDLE_IDENTIFIER = com.siriuscom.FoodTruck;
				PRODUCT_NAME = "$(TARGET_NAME)";
				SWIFT_VERSION = 4.0;
				TARGETED_DEVICE_FAMILY = "1,2";
			};
			name = Debug;
		};
		250E0F131FDFBBB800460ED6 /* Release */ = {
			isa = XCBuildConfiguration;
			buildSettings = {
				ASSETCATALOG_COMPILER_APPICON_NAME = AppIcon;
				CODE_SIGN_STYLE = Automatic;
				DEVELOPMENT_TEAM = Q5VE4JLH65;
				INFOPLIST_FILE = FoodTruck/Info.plist;
				LD_RUNPATH_SEARCH_PATHS = "$(inherited) @executable_path/Frameworks";
				PRODUCT_BUNDLE_IDENTIFIER = com.siriuscom.FoodTruck;
				PRODUCT_NAME = "$(TARGET_NAME)";
				SWIFT_VERSION = 4.0;
				TARGETED_DEVICE_FAMILY = "1,2";
			};
			name = Release;
		};
		2593193D1FE11BA0003104C5 /* Debug */ = {
			isa = XCBuildConfiguration;
			buildSettings = {
				BUNDLE_LOADER = "$(TEST_HOST)";
				CODE_SIGN_STYLE = Automatic;
				DEVELOPMENT_TEAM = Q5VE4JLH65;
				INFOPLIST_FILE = FoodTruckTests/Info.plist;
				LD_RUNPATH_SEARCH_PATHS = "$(inherited) @executable_path/Frameworks @loader_path/Frameworks";
				PRODUCT_BUNDLE_IDENTIFIER = com.siriuscom.FoodTruckTests;
				PRODUCT_NAME = "$(TARGET_NAME)";
				SWIFT_VERSION = 4.0;
				TARGETED_DEVICE_FAMILY = "1,2";
				TEST_HOST = "$(BUILT_PRODUCTS_DIR)/FoodTruck.app/FoodTruck";
			};
			name = Debug;
		};
		2593193E1FE11BA0003104C5 /* Release */ = {
			isa = XCBuildConfiguration;
			buildSettings = {
				BUNDLE_LOADER = "$(TEST_HOST)";
				CODE_SIGN_STYLE = Automatic;
				DEVELOPMENT_TEAM = Q5VE4JLH65;
				INFOPLIST_FILE = FoodTruckTests/Info.plist;
				LD_RUNPATH_SEARCH_PATHS = "$(inherited) @executable_path/Frameworks @loader_path/Frameworks";
				PRODUCT_BUNDLE_IDENTIFIER = com.siriuscom.FoodTruckTests;
				PRODUCT_NAME = "$(TARGET_NAME)";
				SWIFT_VERSION = 4.0;
				TARGETED_DEVICE_FAMILY = "1,2";
				TEST_HOST = "$(BUILT_PRODUCTS_DIR)/FoodTruck.app/FoodTruck";
			};
			name = Release;
		};
/* End XCBuildConfiguration section */

/* Begin XCConfigurationList section */
		250E0EFA1FDFBBB800460ED6 /* Build configuration list for PBXProject "FoodTruck" */ = {
			isa = XCConfigurationList;
			buildConfigurations = (
				250E0F0F1FDFBBB800460ED6 /* Debug */,
				250E0F101FDFBBB800460ED6 /* Release */,
			);
			defaultConfigurationIsVisible = 0;
			defaultConfigurationName = Debug;
		};
		250E0F111FDFBBB800460ED6 /* Build configuration list for PBXNativeTarget "FoodTruck" */ = {
			isa = XCConfigurationList;
			buildConfigurations = (
				250E0F121FDFBBB800460ED6 /* Debug */,
				250E0F131FDFBBB800460ED6 /* Release */,
			);
			defaultConfigurationIsVisible = 0;
			defaultConfigurationName = Debug;
		};
		2593193C1FE11BA0003104C5 /* Build configuration list for PBXNativeTarget "FoodTruckTests" */ = {
			isa = XCConfigurationList;
			buildConfigurations = (
				2593193D1FE11BA0003104C5 /* Debug */,
				2593193E1FE11BA0003104C5 /* Release */,
			);
			defaultConfigurationIsVisible = 0;
			defaultConfigurationName = Debug;
		};
/* End XCConfigurationList section */
	};
	rootObject = 250E0EF71FDFBBB800460ED6 /* Project object */;
}
